{
  "name": "2019-site",
  "version": "1.0.0",
  "lockfileVersion": 1,
  "requires": true,
  "dependencies": {
    "normalize.css": {
      "version": "8.0.1",
      "resolved": "https://registry.npmjs.org/normalize.css/-/normalize.css-8.0.1.tgz",
      "integrity": "sha512-qizSNPO93t1YUuUhP22btGOo3chcvDFqFaj2TRybP0DMxkHOCTYwp3n34fel4a31ORXy4m1Xq0Gyqpb5m33qIg=="
    },
    "three": {
      "version": "0.108.0",
      "resolved": "https://registry.npmjs.org/three/-/three-0.108.0.tgz",
      "integrity": "sha512-d1ysIXwi8qTlbmMwrTxi5pYiiYIflEr0e48krP0LAY8ndS8c6fkLHn6NvRT+o76/Fs9PBLxFViuI62iGVWwwlg=="
    },
    "three-js": {
      "version": "79.0.0",
      "resolved": "https://registry.npmjs.org/three-js/-/three-js-79.0.0.tgz",
      "integrity": "sha1-AxjqrKsobdz4j6Phl36KbuaVe1k="
    }
  }
}
